// !$*UTF8*$!
{
	archiveVersion = 1;
	classes = {
	};
	objectVersion = 50;
	objects = {

/* Begin PBXBuildFile section */
		67708A4422705B8B00D2DF05 /* AppDelegate.swift in Sources */ = {isa = PBXBuildFile; fileRef = 67708A4322705B8B00D2DF05 /* AppDelegate.swift */; };
		67708A4622705B8B00D2DF05 /* ViewController.swift in Sources */ = {isa = PBXBuildFile; fileRef = 67708A4522705B8B00D2DF05 /* ViewController.swift */; };
		67708A4922705B8B00D2DF05 /* Main.storyboard in Resources */ = {isa = PBXBuildFile; fileRef = 67708A4722705B8B00D2DF05 /* Main.storyboard */; };
		67708A4B22705B8D00D2DF05 /* Assets.xcassets in Resources */ = {isa = PBXBuildFile; fileRef = 67708A4A22705B8D00D2DF05 /* Assets.xcassets */; };
		67708A4E22705B8D00D2DF05 /* LaunchScreen.storyboard in Resources */ = {isa = PBXBuildFile; fileRef = 67708A4C22705B8D00D2DF05 /* LaunchScreen.storyboard */; };
/* End PBXBuildFile section */

/* Begin PBXFileReference section */
		67708A4022705B8B00D2DF05 /* PeakIndexInAMountainArray.app */ = {isa = PBXFileReference; explicitFileType = wrapper.application; includeInIndex = 0; path = PeakIndexInAMountainArray.app; sourceTree = BUILT_PRODUCTS_DIR; };
		67708A4322705B8B00D2DF05 /* AppDelegate.swift */ = {isa = PBXFileReference; lastKnownFileType = sourcecode.swift; path = AppDelegate.swift; sourceTree = "<group>"; };
		67708A4522705B8B00D2DF05 /* ViewController.swift */ = {isa = PBXFileReference; lastKnownFileType = sourcecode.swift; path = ViewController.swift; sourceTree = "<group>"; };
		67708A4822705B8B00D2DF05 /* Base */ = {isa = PBXFileReference; lastKnownFileType = file.storyboard; name = Base; path = Base.lproj/Main.storyboard; sourceTree = "<group>"; };
		67708A4A22705B8D00D2DF05 /* Assets.xcassets */ = {isa = PBXFileReference; lastKnownFileType = folder.assetcatalog; path = Assets.xcassets; sourceTree = "<group>"; };
		67708A4D22705B8D00D2DF05 /* Base */ = {isa = PBXFileReference; lastKnownFileType = file.storyboard; name = Base; path = Base.lproj/LaunchScreen.storyboard; sourceTree = "<group>"; };
		67708A4F22705B8D00D2DF05 /* Info.plist */ = {isa = PBXFileReference; lastKnownFileType = text.plist.xml; path = Info.plist; sourceTree = "<group>"; };
/* End PBXFileReference section */

/* Begin PBXFrameworksBuildPhase section */
		67708A3D22705B8B00D2DF05 /* Frameworks */ = {
			isa = PBXFrameworksBuildPhase;
			buildActionMask = 2147483647;
			files = (
			);
			runOnlyForDeploymentPostprocessing = 0;
		};
/* End PBXFrameworksBuildPhase section */

/* Begin PBXGroup section */
		67708A3722705B8B00D2DF05 = {
			isa = PBXGroup;
			children = (
				67708A4222705B8B00D2DF05 /* PeakIndexInAMountainArray */,
				67708A4122705B8B00D2DF05 /* Products */,
			);
			sourceTree = "<group>";
		};
		67708A4122705B8B00D2DF05 /* Products */ = {
			isa = PBXGroup;
			children = (
				67708A4022705B8B00D2DF05 /* PeakIndexInAMountainArray.app */,
			);
			name = Products;
			sourceTree = "<group>";
		};
		67708A4222705B8B00D2DF05 /* PeakIndexInAMountainArray */ = {
			isa = PBXGroup;
			children = (
				67708A4322705B8B00D2DF05 /* AppDelegate.swift */,
				67708A4522705B8B00D2DF05 /* ViewController.swift */,
				67708A4722705B8B00D2DF05 /* Main.storyboard */,
				67708A4A22705B8D00D2DF05 /* Assets.xcassets */,
				67708A4C22705B8D00D2DF05 /* LaunchScreen.storyboard */,
				67708A4F22705B8D00D2DF05 /* Info.plist */,
			);
			path = PeakIndexInAMountainArray;
			sourceTree = "<group>";
		};
/* End PBXGroup section */

/* Begin PBXNativeTarget section */
		67708A3F22705B8B00D2DF05 /* PeakIndexInAMountainArray */ = {
			isa = PBXNativeTarget;
			buildConfigurationList = 67708A5222705B8D00D2DF05 /* Build configuration list for PBXNativeTarget "PeakIndexInAMountainArray" */;
			buildPhases = (
				67708A3C22705B8B00D2DF05 /* Sources */,
				67708A3D22705B8B00D2DF05 /* Frameworks */,
				67708A3E22705B8B00D2DF05 /* Resources */,
			);
			buildRules = (
			);
			dependencies = (
			);
			name = PeakIndexInAMountainArray;
			productName = PeakIndexInAMountainArray;
			productReference = 67708A4022705B8B00D2DF05 /* PeakIndexInAMountainArray.app */;
			productType = "com.apple.product-type.application";
		};
/* End PBXNativeTarget section */

/* Begin PBXProject section */
		67708A3822705B8B00D2DF05 /* Project object */ = {
			isa = PBXProject;
			attributes = {
				LastSwiftUpdateCheck = 1020;
				LastUpgradeCheck = 1020;
				ORGANIZATIONNAME = vishnusankar;
				TargetAttributes = {
					67708A3F22705B8B00D2DF05 = {
						CreatedOnToolsVersion = 10.2.1;
					};
				};
			};
			buildConfigurationList = 67708A3B22705B8B00D2DF05 /* Build configuration list for PBXProject "PeakIndexInAMountainArray" */;
			compatibilityVersion = "Xcode 9.3";
			developmentRegion = en;
			hasScannedForEncodings = 0;
			knownRegions = (
				en,
				Base,
			);
			mainGroup = 67708A3722705B8B00D2DF05;
			productRefGroup = 67708A4122705B8B00D2DF05 /* Products */;
			projectDirPath = "";
			projectRoot = "";
			targets = (
				67708A3F22705B8B00D2DF05 /* PeakIndexInAMountainArray */,
			);
		};
/* End PBXProject section */

/* Begin PBXResourcesBuildPhase section */
		67708A3E22705B8B00D2DF05 /* Resources */ = {
			isa = PBXResourcesBuildPhase;
			buildActionMask = 2147483647;
			files = (
				67708A4E22705B8D00D2DF05 /* LaunchScreen.storyboard in Resources */,
				67708A4B22705B8D00D2DF05 /* Assets.xcassets in Resources */,
				67708A4922705B8B00D2DF05 /* Main.storyboard in Resources */,
			);
			runOnlyForDeploymentPostprocessing = 0;
		};
/* End PBXResourcesBuildPhase section */

/* Begin PBXSourcesBuildPhase section */
		67708A3C22705B8B00D2DF05 /* Sources */ = {
			isa = PBXSourcesBuildPhase;
			buildActionMask = 2147483647;
			files = (
				67708A4622705B8B00D2DF05 /* ViewController.swift in Sources */,
				67708A4422705B8B00D2DF05 /* AppDelegate.swift in Sources */,
			);
			runOnlyForDeploymentPostprocessing = 0;
		};
/* End PBXSourcesBuildPhase section */

/* Begin PBXVariantGroup section */
		67708A4722705B8B00D2DF05 /* Main.storyboard */ = {
			isa = PBXVariantGroup;
			children = (
				67708A4822705B8B00D2DF05 /* Base */,
			);
			name = Main.storyboard;
			sourceTree = "<group>";
		};
		67708A4C22705B8D00D2DF05 /* LaunchScreen.storyboard */ = {
			isa = PBXVariantGroup;
			children = (
				67708A4D22705B8D00D2DF05 /* Base */,
			);
			name = LaunchScreen.storyboard;
			sourceTree = "<group>";
		};
/* End PBXVariantGroup section */

/* Begin XCBuildConfiguration section */
		67708A5022705B8D00D2DF05 /* Debug */ = {
			isa = XCBuildConfiguration;
			buildSettings = {
				ALWAYS_SEARCH_USER_PATHS = NO;
				CLANG_ANALYZER_NONNULL = YES;
				CLANG_ANALYZER_NUMBER_OBJECT_CONVERSION = YES_AGGRESSIVE;
				CLANG_CXX_LANGUAGE_STANDARD = "gnu++14";
				CLANG_CXX_LIBRARY = "libc++";
				CLANG_ENABLE_MODULES = YES;
				CLANG_ENABLE_OBJC_ARC = YES;
				CLANG_ENABLE_OBJC_WEAK = YES;
				CLANG_WARN_BLOCK_CAPTURE_AUTORELEASING = YES;
				CLANG_WARN_BOOL_CONVERSION = YES;
				CLANG_WARN_COMMA = YES;
				CLANG_WARN_CONSTANT_CONVERSION = YES;
				CLANG_WARN_DEPRECATED_OBJC_IMPLEMENTATIONS = YES;
				CLANG_WARN_DIRECT_OBJC_ISA_USAGE = YES_ERROR;
				CLANG_WARN_DOCUMENTATION_COMMENTS = YES;
				CLANG_WARN_EMPTY_BODY = YES;
				CLANG_WARN_ENUM_CONVERSION = YES;
				CLANG_WARN_INFINITE_RECURSION = YES;
				CLANG_WARN_INT_CONVERSION = YES;
				CLANG_WARN_NON_LITERAL_NULL_CONVERSION = YES;
				CLANG_WARN_OBJC_IMPLICIT_RETAIN_SELF = YES;
				CLANG_WARN_OBJC_LITERAL_CONVERSION = YES;
				CLANG_WARN_OBJC_ROOT_CLASS = YES_ERROR;
				CLANG_WARN_RANGE_LOOP_ANALYSIS = YES;
				CLANG_WARN_STRICT_PROTOTYPES = YES;
				CLANG_WARN_SUSPICIOUS_MOVE = YES;
				CLANG_WARN_UNGUARDED_AVAILABILITY = YES_AGGRESSIVE;
				CLANG_WARN_UNREACHABLE_CODE = YES;
				CLANG_WARN__DUPLICATE_METHOD_MATCH = YES;
				CODE_SIGN_IDENTITY = "iPhone Developer";
				COPY_PHASE_STRIP = NO;
				DEBUG_INFORMATION_FORMAT = dwarf;
				ENABLE_STRICT_OBJC_MSGSEND = YES;
				ENABLE_TESTABILITY = YES;
				GCC_C_LANGUAGE_STANDARD = gnu11;
				GCC_DYNAMIC_NO_PIC = NO;
				GCC_NO_COMMON_BLOCKS = YES;
				GCC_OPTIMIZATION_LEVEL = 0;
				GCC_PREPROCESSOR_DEFINITIONS = (
					"DEBUG=1",
					"$(inherited)",
				);
				GCC_WARN_64_TO_32_BIT_CONVERSION = YES;
				GCC_WARN_ABOUT_RETURN_TYPE = YES_ERROR;
				GCC_WARN_UNDECLARED_SELECTOR = YES;
				GCC_WARN_UNINITIALIZED_AUTOS = YES_AGGRESSIVE;
				GCC_WARN_UNUSED_FUNCTION = YES;
				GCC_WARN_UNUSED_VARIABLE = YES;
				IPHONEOS_DEPLOYMENT_TARGET = 12.2;
				MTL_ENABLE_DEBUG_INFO = INCLUDE_SOURCE;
				MTL_FAST_MATH = YES;
				ONLY_ACTIVE_ARCH = YES;
				SDKROOT = iphoneos;
				SWIFT_ACTIVE_COMPILATION_CONDITIONS = DEBUG;
				SWIFT_OPTIMIZATION_LEVEL = "-Onone";
			};
			name = Debug;
		};
		67708A5122705B8D00D2DF05 /* Release */ = {
			isa = XCBuildConfiguration;
			buildSettings = {
				ALWAYS_SEARCH_USER_PATHS = NO;
				CLANG_ANALYZER_NONNULL = YES;
				CLANG_ANALYZER_NUMBER_OBJECT_CONVERSION = YES_AGGRESSIVE;
				CLANG_CXX_LANGUAGE_STANDARD = "gnu++14";
				CLANG_CXX_LIBRARY = "libc++";
				CLANG_ENABLE_MODULES = YES;
				CLANG_ENABLE_OBJC_ARC = YES;
				CLANG_ENABLE_OBJC_WEAK = YES;
				CLANG_WARN_BLOCK_CAPTURE_AUTORELEASING = YES;
				CLANG_WARN_BOOL_CONVERSION = YES;
				CLANG_WARN_COMMA = YES;
				CLANG_WARN_CONSTANT_CONVERSION = YES;
				CLANG_WARN_DEPRECATED_OBJC_IMPLEMENTATIONS = YES;
				CLANG_WARN_DIRECT_OBJC_ISA_USAGE = YES_ERROR;
				CLANG_WARN_DOCUMENTATION_COMMENTS = YES;
				CLANG_WARN_EMPTY_BODY = YES;
				CLANG_WARN_ENUM_CONVERSION = YES;
				CLANG_WARN_INFINITE_RECURSION = YES;
				CLANG_WARN_INT_CONVERSION = YES;
				CLANG_WARN_NON_LITERAL_NULL_CONVERSION = YES;
				CLANG_WARN_OBJC_IMPLICIT_RETAIN_SELF = YES;
				CLANG_WARN_OBJC_LITERAL_CONVERSION = YES;
				CLANG_WARN_OBJC_ROOT_CLASS = YES_ERROR;
				CLANG_WARN_RANGE_LOOP_ANALYSIS = YES;
				CLANG_WARN_STRICT_PROTOTYPES = YES;
				CLANG_WARN_SUSPICIOUS_MOVE = YES;
				CLANG_WARN_UNGUARDED_AVAILABILITY = YES_AGGRESSIVE;
				CLANG_WARN_UNREACHABLE_CODE = YES;
				CLANG_WARN__DUPLICATE_METHOD_MATCH = YES;
				CODE_SIGN_IDENTITY = "iPhone Developer";
				COPY_PHASE_STRIP = NO;
				DEBUG_INFORMATION_FORMAT = "dwarf-with-dsym";
				ENABLE_NS_ASSERTIONS = NO;
				ENABLE_STRICT_OBJC_MSGSEND = YES;
				GCC_C_LANGUAGE_STANDARD = gnu11;
				GCC_NO_COMMON_BLOCKS = YES;
				GCC_WARN_64_TO_32_BIT_CONVERSION = YES;
				GCC_WARN_ABOUT_RETURN_TYPE = YES_ERROR;
				GCC_WARN_UNDECLARED_SELECTOR = YES;
				GCC_WARN_UNINITIALIZED_AUTOS = YES_AGGRESSIVE;
				GCC_WARN_UNUSED_FUNCTION = YES;
				GCC_WARN_UNUSED_VARIABLE = YES;
				IPHONEOS_DEPLOYMENT_TARGET = 12.2;
				MTL_ENABLE_DEBUG_INFO = NO;
				MTL_FAST_MATH = YES;
				SDKROOT = iphoneos;
				SWIFT_COMPILATION_MODE = wholemodule;
				SWIFT_OPTIMIZATION_LEVEL = "-O";
				VALIDATE_PRODUCT = YES;
			};
			name = Release;
		};
		67708A5322705B8D00D2DF05 /* Debug */ = {
			isa = XCBuildConfiguration;
			buildSettings = {
				ASSETCATALOG_COMPILER_APPICON_NAME = AppIcon;
				CODE_SIGN_STYLE = Automatic;
				INFOPLIST_FILE = PeakIndexInAMountainArray/Info.plist;
				LD_RUNPATH_SEARCH_PATHS = (
					"$(inherited)",
					"@executable_path/Frameworks",
				);
				PRODUCT_BUNDLE_IDENTIFIER = com.vishnusankar.PeakIndexInAMountainArray;
				PRODUCT_NAME = "$(TARGET_NAME)";
				SWIFT_VERSION = 5.0;
				TARGETED_DEVICE_FAMILY = "1,2";
			};
			name = Debug;
		};
		67708A5422705B8D00D2DF05 /* Release */ = {
			isa = XCBuildConfiguration;
			buildSettings = {
				ASSETCATALOG_COMPILER_APPICON_NAME = AppIcon;
				CODE_SIGN_STYLE = Automatic;
				INFOPLIST_FILE = PeakIndexInAMountainArray/Info.plist;
				LD_RUNPATH_SEARCH_PATHS = (
					"$(inherited)",
					"@executable_path/Frameworks",
				);
				PRODUCT_BUNDLE_IDENTIFIER = com.vishnusankar.PeakIndexInAMountainArray;
				PRODUCT_NAME = "$(TARGET_NAME)";
				SWIFT_VERSION = 5.0;
				TARGETED_DEVICE_FAMILY = "1,2";
			};
			name = Release;
		};
/* End XCBuildConfiguration section */

/* Begin XCConfigurationList section */
		67708A3B22705B8B00D2DF05 /* Build configuration list for PBXProject "PeakIndexInAMountainArray" */ = {
			isa = XCConfigurationList;
			buildConfigurations = (
				67708A5022705B8D00D2DF05 /* Debug */,
				67708A5122705B8D00D2DF05 /* Release */,
			);
			defaultConfigurationIsVisible = 0;
			defaultConfigurationName = Release;
		};
		67708A5222705B8D00D2DF05 /* Build configuration list for PBXNativeTarget "PeakIndexInAMountainArray" */ = {
			isa = XCConfigurationList;
			buildConfigurations = (
				67708A5322705B8D00D2DF05 /* Debug */,
				67708A5422705B8D00D2DF05 /* Release */,
			);
			defaultConfigurationIsVisible = 0;
			defaultConfigurationName = Release;
		};
/* End XCConfigurationList section */
	};
	rootObject = 67708A3822705B8B00D2DF05 /* Project object */;
}
